
Microsoft Visual Studio Solution File, Format Version 12.00
# Visual Studio Version 16
VisualStudioVersion = 16.0.29709.97
MinimumVisualStudioVersion = 10.0.40219.1
Project("{FAE04EC0-301F-11D3-BF4B-00C04F79EFBC}") = "CoinShuffleSimulation2", "CoinShuffleSimulation2\CoinShuffleSimulation2.csproj", "{52AACE6E-FC1C-4CC1-87F1-9C3B18F9DB16}"
EndProject
Global
	GlobalSection(SolutionConfigurationPlatforms) = preSolution
		Debug|Any CPU = Debug|Any CPU
		Release|Any CPU = Release|Any CPU
	EndGlobalSection
	GlobalSection(ProjectConfigurationPlatforms) = postSolution
		{52AACE6E-FC1C-4CC1-87F1-9C3B18F9DB16}.Debug|Any CPU.ActiveCfg = Debug|Any CPU
		{52AACE6E-FC1C-4CC1-87F1-9C3B18F9DB16}.Debug|Any CPU.Build.0 = Debug|Any CPU
		{52AACE6E-FC1C-4CC1-87F1-9C3B18F9DB16}.Release|Any CPU.ActiveCfg = Release|Any CPU
		{52AACE6E-FC1C-4CC1-87F1-9C3B18F9DB16}.Release|Any CPU.Build.0 = Release|Any CPU
	EndGlobalSection
	GlobalSection(SolutionProperties) = preSolution
		HideSolutionNode = FALSE
	EndGlobalSection
	GlobalSection(ExtensibilityGlobals) = postSolution
		SolutionGuid = {8AACFDA8-7D50-41C5-8CF6-9103958B5EAE}
	EndGlobalSection
EndGlobal
